
Microsoft Visual Studio Solution File, Format Version 12.00
# Visual Studio Version 16
VisualStudioVersion = 16.0.30002.166
MinimumVisualStudioVersion = 10.0.40219.1
Project("{FAE04EC0-301F-11D3-BF4B-00C04F79EFBC}") = "mydemoapiproject3", "mydemoapiproject3.csproj", "{52659023-B327-45E3-8108-854D5D4F2039}"
EndProject
Global
	GlobalSection(SolutionConfigurationPlatforms) = preSolution
		Debug|Any CPU = Debug|Any CPU
		Release|Any CPU = Release|Any CPU
	EndGlobalSection
	GlobalSection(ProjectConfigurationPlatforms) = postSolution
		{52659023-B327-45E3-8108-854D5D4F2039}.Debug|Any CPU.ActiveCfg = Debug|Any CPU
		{52659023-B327-45E3-8108-854D5D4F2039}.Debug|Any CPU.Build.0 = Debug|Any CPU
		{52659023-B327-45E3-8108-854D5D4F2039}.Release|Any CPU.ActiveCfg = Release|Any CPU
		{52659023-B327-45E3-8108-854D5D4F2039}.Release|Any CPU.Build.0 = Release|Any CPU
	EndGlobalSection
	GlobalSection(SolutionProperties) = preSolution
		HideSolutionNode = FALSE
	EndGlobalSection
	GlobalSection(ExtensibilityGlobals) = postSolution
		SolutionGuid = {B4D557B5-0F6B-454B-873B-72EFE9920CDF}
	EndGlobalSection
EndGlobal
